
Microsoft Visual Studio Solution File, Format Version 12.00
# Visual Studio Version 17
VisualStudioVersion = 17.2.32519.379
MinimumVisualStudioVersion = 10.0.40219.1
Project("{9A19103F-16F7-4668-BE54-9A1E7A4F7556}") = "ShopBridge", "MoviewReview\ShopBridge.csproj", "{D27990AB-3316-449A-BCEB-4C13930D0892}"
EndProject
Project("{2150E333-8FDC-42A3-9474-1A3956D46DE8}") = "NewFolder1", "NewFolder1", "{E81DD57B-EF27-4E33-B458-785A01B31399}"
EndProject
Project("{FAE04EC0-301F-11D3-BF4B-00C04F79EFBC}") = "ShopBridgeunitTest", "ShopBridgeunitTest\ShopBridgeunitTest.csproj", "{1C513CAF-A944-43CD-BA71-7E8183E2393E}"
EndProject
Global
	GlobalSection(SolutionConfigurationPlatforms) = preSolution
		Debug|Any CPU = Debug|Any CPU
		Release|Any CPU = Release|Any CPU
	EndGlobalSection
	GlobalSection(ProjectConfigurationPlatforms) = postSolution
		{D27990AB-3316-449A-BCEB-4C13930D0892}.Debug|Any CPU.ActiveCfg = Debug|Any CPU
		{D27990AB-3316-449A-BCEB-4C13930D0892}.Debug|Any CPU.Build.0 = Debug|Any CPU
		{D27990AB-3316-449A-BCEB-4C13930D0892}.Release|Any CPU.ActiveCfg = Release|Any CPU
		{D27990AB-3316-449A-BCEB-4C13930D0892}.Release|Any CPU.Build.0 = Release|Any CPU
		{1C513CAF-A944-43CD-BA71-7E8183E2393E}.Debug|Any CPU.ActiveCfg = Debug|Any CPU
		{1C513CAF-A944-43CD-BA71-7E8183E2393E}.Debug|Any CPU.Build.0 = Debug|Any CPU
		{1C513CAF-A944-43CD-BA71-7E8183E2393E}.Release|Any CPU.ActiveCfg = Release|Any CPU
		{1C513CAF-A944-43CD-BA71-7E8183E2393E}.Release|Any CPU.Build.0 = Release|Any CPU
	EndGlobalSection
	GlobalSection(SolutionProperties) = preSolution
		HideSolutionNode = FALSE
	EndGlobalSection
	GlobalSection(ExtensibilityGlobals) = postSolution
		SolutionGuid = {1837425A-CBA4-4849-A743-A2FBB69E36FE}
	EndGlobalSection
EndGlobal
